{
    "_readme": [
        "This file locks the dependencies of your project to a known state",
        "Read more about it at https://getcomposer.org/doc/01-basic-usage.md#composer-lock-the-lock-file",
        "This file is @generated automatically"
    ],
    "content-hash": "45f772ae19709265c27ed90de22ec543",
    "packages": [
        {
            "name": "sujan/php-csv-exporter",
            "version": "dev-master",
            "source": {
                "type": "git",
                "url": "https://github.com/sujancse/php-csv-exporter.git",
                "reference": "b7b0afe6cb96a109acc8eb9c2095c49a2571e414"
            },
            "dist": {
                "type": "zip",
                "url": "https://api.github.com/repos/sujancse/php-csv-exporter/zipball/b7b0afe6cb96a109acc8eb9c2095c49a2571e414",
                "reference": "b7b0afe6cb96a109acc8eb9c2095c49a2571e414",
                "shasum": ""
            },
            "require": {
                "ext-pdo": "*",
                "php": "^7.2"
            },
            "type": "library",
            "autoload": {
                "psr-4": {
                    "Sujan\\Exporter\\": "src/"
                }
            },
            "notification-url": "https://packagist.org/downloads/",
            "license": [
                "MIT"
            ],
            "authors": [
                {
                    "name": "Sujan Mahmud",
                    "email": "sujancseruet@gmail.com"
                }
            ],
            "description": "A PHP library to export data to CSV",
            "time": "2020-10-08T12:52:24+00:00"
        }
    ],
    "packages-dev": [],
    "aliases": [],
    "minimum-stability": "dev",
    "stability-flags": {
        "sujan/php-csv-exporter": 20
    },
    "prefer-stable": false,
    "prefer-lowest": false,
    "platform": {
        "php": "^7.2",
        "ext-pdo": "*"
    },
    "platform-dev": []
}
